
Microsoft Visual Studio Solution File, Format Version 12.00
# Visual Studio 14
VisualStudioVersion = 14.0.25420.1
MinimumVisualStudioVersion = 10.0.40219.1
Project("{FAE04EC0-301F-11D3-BF4B-00C04F79EFBC}") = "XmlAnalyser", "XmlAnalyser\XmlAnalyser.csproj", "{4AD76DA4-8E14-41AC-ACF2-EF9F7C2D96F0}"
EndProject
Project("{FAE04EC0-301F-11D3-BF4B-00C04F79EFBC}") = "XmlAnalyser.Test", "XmlAnalyser.Test\XmlAnalyser.Test.csproj", "{534FB84F-F720-4233-A89C-F6A7750FA74A}"
EndProject
Project("{FAE04EC0-301F-11D3-BF4B-00C04F79EFBC}") = "XmlAnalyzerWPF", "XmlAnalyzerWPF\XmlAnalyzerWPF.csproj", "{89DA1DB9-B0F9-4266-89C7-4C39AB0825BE}"
EndProject
Global
	GlobalSection(SolutionConfigurationPlatforms) = preSolution
		Debug|Any CPU = Debug|Any CPU
		Release|Any CPU = Release|Any CPU
	EndGlobalSection
	GlobalSection(ProjectConfigurationPlatforms) = postSolution
		{4AD76DA4-8E14-41AC-ACF2-EF9F7C2D96F0}.Debug|Any CPU.ActiveCfg = Debug|Any CPU
		{4AD76DA4-8E14-41AC-ACF2-EF9F7C2D96F0}.Debug|Any CPU.Build.0 = Debug|Any CPU
		{4AD76DA4-8E14-41AC-ACF2-EF9F7C2D96F0}.Release|Any CPU.ActiveCfg = Release|Any CPU
		{4AD76DA4-8E14-41AC-ACF2-EF9F7C2D96F0}.Release|Any CPU.Build.0 = Release|Any CPU
		{534FB84F-F720-4233-A89C-F6A7750FA74A}.Debug|Any CPU.ActiveCfg = Debug|Any CPU
		{534FB84F-F720-4233-A89C-F6A7750FA74A}.Debug|Any CPU.Build.0 = Debug|Any CPU
		{534FB84F-F720-4233-A89C-F6A7750FA74A}.Release|Any CPU.ActiveCfg = Release|Any CPU
		{534FB84F-F720-4233-A89C-F6A7750FA74A}.Release|Any CPU.Build.0 = Release|Any CPU
		{89DA1DB9-B0F9-4266-89C7-4C39AB0825BE}.Debug|Any CPU.ActiveCfg = Debug|Any CPU
		{89DA1DB9-B0F9-4266-89C7-4C39AB0825BE}.Debug|Any CPU.Build.0 = Debug|Any CPU
		{89DA1DB9-B0F9-4266-89C7-4C39AB0825BE}.Release|Any CPU.ActiveCfg = Release|Any CPU
		{89DA1DB9-B0F9-4266-89C7-4C39AB0825BE}.Release|Any CPU.Build.0 = Release|Any CPU
	EndGlobalSection
	GlobalSection(SolutionProperties) = preSolution
		HideSolutionNode = FALSE
	EndGlobalSection
EndGlobal
